// !$*UTF8*$!
{
	archiveVersion = 1;
	classes = {
	};
	objectVersion = 46;
	objects = {

/* Begin PBXBuildFile section */
		32725B481D9A761B006D7BC9 /* AppDelegate.swift in Sources */ = {isa = PBXBuildFile; fileRef = 32725B471D9A761B006D7BC9 /* AppDelegate.swift */; };
		32725B4A1D9A761B006D7BC9 /* ViewController.swift in Sources */ = {isa = PBXBuildFile; fileRef = 32725B491D9A761B006D7BC9 /* ViewController.swift */; };
		32725B4D1D9A761B006D7BC9 /* Main.storyboard in Resources */ = {isa = PBXBuildFile; fileRef = 32725B4B1D9A761B006D7BC9 /* Main.storyboard */; };
		32725B4F1D9A761B006D7BC9 /* Assets.xcassets in Resources */ = {isa = PBXBuildFile; fileRef = 32725B4E1D9A761B006D7BC9 /* Assets.xcassets */; };
		32725B521D9A761B006D7BC9 /* LaunchScreen.storyboard in Resources */ = {isa = PBXBuildFile; fileRef = 32725B501D9A761B006D7BC9 /* LaunchScreen.storyboard */; };
		32725B5D1D9A761C006D7BC9 /* DiningPhilosophersProblemTests.swift in Sources */ = {isa = PBXBuildFile; fileRef = 32725B5C1D9A761C006D7BC9 /* DiningPhilosophersProblemTests.swift */; };
		32725B6B1D9A8DE5006D7BC9 /* Models.swift in Sources */ = {isa = PBXBuildFile; fileRef = 32725B691D9A8C21006D7BC9 /* Models.swift */; };
/* End PBXBuildFile section */

/* Begin PBXContainerItemProxy section */
		32725B591D9A761C006D7BC9 /* PBXContainerItemProxy */ = {
			isa = PBXContainerItemProxy;
			containerPortal = 32725B3C1D9A761B006D7BC9 /* Project object */;
			proxyType = 1;
			remoteGlobalIDString = 32725B431D9A761B006D7BC9;
			remoteInfo = DiningPhilosophersProblem;
		};
/* End PBXContainerItemProxy section */

/* Begin PBXFileReference section */
		32725B441D9A761B006D7BC9 /* DiningPhilosophersProblem.app */ = {isa = PBXFileReference; explicitFileType = wrapper.application; includeInIndex = 0; path = DiningPhilosophersProblem.app; sourceTree = BUILT_PRODUCTS_DIR; };
		32725B471D9A761B006D7BC9 /* AppDelegate.swift */ = {isa = PBXFileReference; lastKnownFileType = sourcecode.swift; path = AppDelegate.swift; sourceTree = "<group>"; };
		32725B491D9A761B006D7BC9 /* ViewController.swift */ = {isa = PBXFileReference; lastKnownFileType = sourcecode.swift; path = ViewController.swift; sourceTree = "<group>"; };
		32725B4C1D9A761B006D7BC9 /* Base */ = {isa = PBXFileReference; lastKnownFileType = file.storyboard; name = Base; path = Base.lproj/Main.storyboard; sourceTree = "<group>"; };
		32725B4E1D9A761B006D7BC9 /* Assets.xcassets */ = {isa = PBXFileReference; lastKnownFileType = folder.assetcatalog; path = Assets.xcassets; sourceTree = "<group>"; };
		32725B511D9A761B006D7BC9 /* Base */ = {isa = PBXFileReference; lastKnownFileType = file.storyboard; name = Base; path = Base.lproj/LaunchScreen.storyboard; sourceTree = "<group>"; };
		32725B531D9A761B006D7BC9 /* Info.plist */ = {isa = PBXFileReference; lastKnownFileType = text.plist.xml; path = Info.plist; sourceTree = "<group>"; };
		32725B581D9A761C006D7BC9 /* DiningPhilosophersProblemTests.xctest */ = {isa = PBXFileReference; explicitFileType = wrapper.cfbundle; includeInIndex = 0; path = DiningPhilosophersProblemTests.xctest; sourceTree = BUILT_PRODUCTS_DIR; };
		32725B5C1D9A761C006D7BC9 /* DiningPhilosophersProblemTests.swift */ = {isa = PBXFileReference; lastKnownFileType = sourcecode.swift; path = DiningPhilosophersProblemTests.swift; sourceTree = "<group>"; };
		32725B5E1D9A761C006D7BC9 /* Info.plist */ = {isa = PBXFileReference; lastKnownFileType = text.plist.xml; path = Info.plist; sourceTree = "<group>"; };
		32725B691D9A8C21006D7BC9 /* Models.swift */ = {isa = PBXFileReference; fileEncoding = 4; lastKnownFileType = sourcecode.swift; path = Models.swift; sourceTree = "<group>"; };
/* End PBXFileReference section */

/* Begin PBXFrameworksBuildPhase section */
		32725B411D9A761B006D7BC9 /* Frameworks */ = {
			isa = PBXFrameworksBuildPhase;
			buildActionMask = 2147483647;
			files = (
			);
			runOnlyForDeploymentPostprocessing = 0;
		};
		32725B551D9A761C006D7BC9 /* Frameworks */ = {
			isa = PBXFrameworksBuildPhase;
			buildActionMask = 2147483647;
			files = (
			);
			runOnlyForDeploymentPostprocessing = 0;
		};
/* End PBXFrameworksBuildPhase section */

/* Begin PBXGroup section */
		32725B3B1D9A761B006D7BC9 = {
			isa = PBXGroup;
			children = (
				32725B461D9A761B006D7BC9 /* DiningPhilosophersProblem */,
				32725B5B1D9A761C006D7BC9 /* DiningPhilosophersProblemTests */,
				32725B451D9A761B006D7BC9 /* Products */,
			);
			sourceTree = "<group>";
		};
		32725B451D9A761B006D7BC9 /* Products */ = {
			isa = PBXGroup;
			children = (
				32725B441D9A761B006D7BC9 /* DiningPhilosophersProblem.app */,
				32725B581D9A761C006D7BC9 /* DiningPhilosophersProblemTests.xctest */,
			);
			name = Products;
			sourceTree = "<group>";
		};
		32725B461D9A761B006D7BC9 /* DiningPhilosophersProblem */ = {
			isa = PBXGroup;
			children = (
				32725B471D9A761B006D7BC9 /* AppDelegate.swift */,
				32725B691D9A8C21006D7BC9 /* Models.swift */,
				32725B491D9A761B006D7BC9 /* ViewController.swift */,
				32725B4B1D9A761B006D7BC9 /* Main.storyboard */,
				32725B4E1D9A761B006D7BC9 /* Assets.xcassets */,
				32725B501D9A761B006D7BC9 /* LaunchScreen.storyboard */,
				32725B531D9A761B006D7BC9 /* Info.plist */,
			);
			path = DiningPhilosophersProblem;
			sourceTree = "<group>";
		};
		32725B5B1D9A761C006D7BC9 /* DiningPhilosophersProblemTests */ = {
			isa = PBXGroup;
			children = (
				32725B5C1D9A761C006D7BC9 /* DiningPhilosophersProblemTests.swift */,
				32725B5E1D9A761C006D7BC9 /* Info.plist */,
			);
			path = DiningPhilosophersProblemTests;
			sourceTree = "<group>";
		};
/* End PBXGroup section */

/* Begin PBXNativeTarget section */
		32725B431D9A761B006D7BC9 /* DiningPhilosophersProblem */ = {
			isa = PBXNativeTarget;
			buildConfigurationList = 32725B611D9A761C006D7BC9 /* Build configuration list for PBXNativeTarget "DiningPhilosophersProblem" */;
			buildPhases = (
				32725B401D9A761B006D7BC9 /* Sources */,
				32725B411D9A761B006D7BC9 /* Frameworks */,
				32725B421D9A761B006D7BC9 /* Resources */,
			);
			buildRules = (
			);
			dependencies = (
			);
			name = DiningPhilosophersProblem;
			productName = DiningPhilosophersProblem;
			productReference = 32725B441D9A761B006D7BC9 /* DiningPhilosophersProblem.app */;
			productType = "com.apple.product-type.application";
		};
		32725B571D9A761C006D7BC9 /* DiningPhilosophersProblemTests */ = {
			isa = PBXNativeTarget;
			buildConfigurationList = 32725B641D9A761C006D7BC9 /* Build configuration list for PBXNativeTarget "DiningPhilosophersProblemTests" */;
			buildPhases = (
				32725B541D9A761C006D7BC9 /* Sources */,
				32725B551D9A761C006D7BC9 /* Frameworks */,
				32725B561D9A761C006D7BC9 /* Resources */,
			);
			buildRules = (
			);
			dependencies = (
				32725B5A1D9A761C006D7BC9 /* PBXTargetDependency */,
			);
			name = DiningPhilosophersProblemTests;
			productName = DiningPhilosophersProblemTests;
			productReference = 32725B581D9A761C006D7BC9 /* DiningPhilosophersProblemTests.xctest */;
			productType = "com.apple.product-type.bundle.unit-test";
		};
/* End PBXNativeTarget section */

/* Begin PBXProject section */
		32725B3C1D9A761B006D7BC9 /* Project object */ = {
			isa = PBXProject;
			attributes = {
				LastSwiftUpdateCheck = 0730;
				LastUpgradeCheck = 0730;
				ORGANIZATIONNAME = "Dmitry Utmanov";
				TargetAttributes = {
					32725B431D9A761B006D7BC9 = {
						CreatedOnToolsVersion = 7.3.1;
					};
					32725B571D9A761C006D7BC9 = {
						CreatedOnToolsVersion = 7.3.1;
						TestTargetID = 32725B431D9A761B006D7BC9;
					};
				};
			};
			buildConfigurationList = 32725B3F1D9A761B006D7BC9 /* Build configuration list for PBXProject "DiningPhilosophersProblem" */;
			compatibilityVersion = "Xcode 3.2";
			developmentRegion = English;
			hasScannedForEncodings = 0;
			knownRegions = (
				en,
				Base,
			);
			mainGroup = 32725B3B1D9A761B006D7BC9;
			productRefGroup = 32725B451D9A761B006D7BC9 /* Products */;
			projectDirPath = "";
			projectRoot = "";
			targets = (
				32725B431D9A761B006D7BC9 /* DiningPhilosophersProblem */,
				32725B571D9A761C006D7BC9 /* DiningPhilosophersProblemTests */,
			);
		};
/* End PBXProject section */

/* Begin PBXResourcesBuildPhase section */
		32725B421D9A761B006D7BC9 /* Resources */ = {
			isa = PBXResourcesBuildPhase;
			buildActionMask = 2147483647;
			files = (
				32725B521D9A761B006D7BC9 /* LaunchScreen.storyboard in Resources */,
				32725B4F1D9A761B006D7BC9 /* Assets.xcassets in Resources */,
				32725B4D1D9A761B006D7BC9 /* Main.storyboard in Resources */,
			);
			runOnlyForDeploymentPostprocessing = 0;
		};
		32725B561D9A761C006D7BC9 /* Resources */ = {
			isa = PBXResourcesBuildPhase;
			buildActionMask = 2147483647;
			files = (
			);
			runOnlyForDeploymentPostprocessing = 0;
		};
/* End PBXResourcesBuildPhase section */

/* Begin PBXSourcesBuildPhase section */
		32725B401D9A761B006D7BC9 /* Sources */ = {
			isa = PBXSourcesBuildPhase;
			buildActionMask = 2147483647;
			files = (
				32725B6B1D9A8DE5006D7BC9 /* Models.swift in Sources */,
				32725B4A1D9A761B006D7BC9 /* ViewController.swift in Sources */,
				32725B481D9A761B006D7BC9 /* AppDelegate.swift in Sources */,
			);
			runOnlyForDeploymentPostprocessing = 0;
		};
		32725B541D9A761C006D7BC9 /* Sources */ = {
			isa = PBXSourcesBuildPhase;
			buildActionMask = 2147483647;
			files = (
				32725B5D1D9A761C006D7BC9 /* DiningPhilosophersProblemTests.swift in Sources */,
			);
			runOnlyForDeploymentPostprocessing = 0;
		};
/* End PBXSourcesBuildPhase section */

/* Begin PBXTargetDependency section */
		32725B5A1D9A761C006D7BC9 /* PBXTargetDependency */ = {
			isa = PBXTargetDependency;
			target = 32725B431D9A761B006D7BC9 /* DiningPhilosophersProblem */;
			targetProxy = 32725B591D9A761C006D7BC9 /* PBXContainerItemProxy */;
		};
/* End PBXTargetDependency section */

/* Begin PBXVariantGroup section */
		32725B4B1D9A761B006D7BC9 /* Main.storyboard */ = {
			isa = PBXVariantGroup;
			children = (
				32725B4C1D9A761B006D7BC9 /* Base */,
			);
			name = Main.storyboard;
			sourceTree = "<group>";
		};
		32725B501D9A761B006D7BC9 /* LaunchScreen.storyboard */ = {
			isa = PBXVariantGroup;
			children = (
				32725B511D9A761B006D7BC9 /* Base */,
			);
			name = LaunchScreen.storyboard;
			sourceTree = "<group>";
		};
/* End PBXVariantGroup section */

/* Begin XCBuildConfiguration section */
		32725B5F1D9A761C006D7BC9 /* Debug */ = {
			isa = XCBuildConfiguration;
			buildSettings = {
				ALWAYS_SEARCH_USER_PATHS = NO;
				CLANG_ANALYZER_NONNULL = YES;
				CLANG_CXX_LANGUAGE_STANDARD = "gnu++0x";
				CLANG_CXX_LIBRARY = "libc++";
				CLANG_ENABLE_MODULES = YES;
				CLANG_ENABLE_OBJC_ARC = YES;
				CLANG_WARN_BOOL_CONVERSION = YES;
				CLANG_WARN_CONSTANT_CONVERSION = YES;
				CLANG_WARN_DIRECT_OBJC_ISA_USAGE = YES_ERROR;
				CLANG_WARN_EMPTY_BODY = YES;
				CLANG_WARN_ENUM_CONVERSION = YES;
				CLANG_WARN_INT_CONVERSION = YES;
				CLANG_WARN_OBJC_ROOT_CLASS = YES_ERROR;
				CLANG_WARN_UNREACHABLE_CODE = YES;
				CLANG_WARN__DUPLICATE_METHOD_MATCH = YES;
				"CODE_SIGN_IDENTITY[sdk=iphoneos*]" = "iPhone Developer";
				COPY_PHASE_STRIP = NO;
				DEBUG_INFORMATION_FORMAT = dwarf;
				ENABLE_STRICT_OBJC_MSGSEND = YES;
				ENABLE_TESTABILITY = YES;
				GCC_C_LANGUAGE_STANDARD = gnu99;
				GCC_DYNAMIC_NO_PIC = NO;
				GCC_NO_COMMON_BLOCKS = YES;
				GCC_OPTIMIZATION_LEVEL = 0;
				GCC_PREPROCESSOR_DEFINITIONS = (
					"DEBUG=1",
					"$(inherited)",
				);
				GCC_WARN_64_TO_32_BIT_CONVERSION = YES;
				GCC_WARN_ABOUT_RETURN_TYPE = YES_ERROR;
				GCC_WARN_UNDECLARED_SELECTOR = YES;
				GCC_WARN_UNINITIALIZED_AUTOS = YES_AGGRESSIVE;
				GCC_WARN_UNUSED_FUNCTION = YES;
				GCC_WARN_UNUSED_VARIABLE = YES;
				IPHONEOS_DEPLOYMENT_TARGET = 9.3;
				MTL_ENABLE_DEBUG_INFO = YES;
				ONLY_ACTIVE_ARCH = YES;
				SDKROOT = iphoneos;
				SWIFT_OPTIMIZATION_LEVEL = "-Onone";
				TARGETED_DEVICE_FAMILY = "1,2";
			};
			name = Debug;
		};
		32725B601D9A761C006D7BC9 /* Release */ = {
			isa = XCBuildConfiguration;
			buildSettings = {
				ALWAYS_SEARCH_USER_PATHS = NO;
				CLANG_ANALYZER_NONNULL = YES;
				CLANG_CXX_LANGUAGE_STANDARD = "gnu++0x";
				CLANG_CXX_LIBRARY = "libc++";
				CLANG_ENABLE_MODULES = YES;
				CLANG_ENABLE_OBJC_ARC = YES;
				CLANG_WARN_BOOL_CONVERSION = YES;
				CLANG_WARN_CONSTANT_CONVERSION = YES;
				CLANG_WARN_DIRECT_OBJC_ISA_USAGE = YES_ERROR;
				CLANG_WARN_EMPTY_BODY = YES;
				CLANG_WARN_ENUM_CONVERSION = YES;
				CLANG_WARN_INT_CONVERSION = YES;
				CLANG_WARN_OBJC_ROOT_CLASS = YES_ERROR;
				CLANG_WARN_UNREACHABLE_CODE = YES;
				CLANG_WARN__DUPLICATE_METHOD_MATCH = YES;
				"CODE_SIGN_IDENTITY[sdk=iphoneos*]" = "iPhone Developer";
				COPY_PHASE_STRIP = NO;
				DEBUG_INFORMATION_FORMAT = "dwarf-with-dsym";
				ENABLE_NS_ASSERTIONS = NO;
				ENABLE_STRICT_OBJC_MSGSEND = YES;
				GCC_C_LANGUAGE_STANDARD = gnu99;
				GCC_NO_COMMON_BLOCKS = YES;
				GCC_WARN_64_TO_32_BIT_CONVERSION = YES;
				GCC_WARN_ABOUT_RETURN_TYPE = YES_ERROR;
				GCC_WARN_UNDECLARED_SELECTOR = YES;
				GCC_WARN_UNINITIALIZED_AUTOS = YES_AGGRESSIVE;
				GCC_WARN_UNUSED_FUNCTION = YES;
				GCC_WARN_UNUSED_VARIABLE = YES;
				IPHONEOS_DEPLOYMENT_TARGET = 9.3;
				MTL_ENABLE_DEBUG_INFO = NO;
				SDKROOT = iphoneos;
				TARGETED_DEVICE_FAMILY = "1,2";
				VALIDATE_PRODUCT = YES;
			};
			name = Release;
		};
		32725B621D9A761C006D7BC9 /* Debug */ = {
			isa = XCBuildConfiguration;
			buildSettings = {
				ASSETCATALOG_COMPILER_APPICON_NAME = AppIcon;
				INFOPLIST_FILE = DiningPhilosophersProblem/Info.plist;
				LD_RUNPATH_SEARCH_PATHS = "$(inherited) @executable_path/Frameworks";
				PRODUCT_BUNDLE_IDENTIFIER = "ru.w-not.DiningPhilosophersProblem";
				PRODUCT_NAME = "$(TARGET_NAME)";
			};
			name = Debug;
		};
		32725B631D9A761C006D7BC9 /* Release */ = {
			isa = XCBuildConfiguration;
			buildSettings = {
				ASSETCATALOG_COMPILER_APPICON_NAME = AppIcon;
				INFOPLIST_FILE = DiningPhilosophersProblem/Info.plist;
				LD_RUNPATH_SEARCH_PATHS = "$(inherited) @executable_path/Frameworks";
				PRODUCT_BUNDLE_IDENTIFIER = "ru.w-not.DiningPhilosophersProblem";
				PRODUCT_NAME = "$(TARGET_NAME)";
			};
			name = Release;
		};
		32725B651D9A761C006D7BC9 /* Debug */ = {
			isa = XCBuildConfiguration;
			buildSettings = {
				BUNDLE_LOADER = "$(TEST_HOST)";
				INFOPLIST_FILE = DiningPhilosophersProblemTests/Info.plist;
				LD_RUNPATH_SEARCH_PATHS = "$(inherited) @executable_path/Frameworks @loader_path/Frameworks";
				PRODUCT_BUNDLE_IDENTIFIER = "ru.w-not.DiningPhilosophersProblemTests";
				PRODUCT_NAME = "$(TARGET_NAME)";
				TEST_HOST = "$(BUILT_PRODUCTS_DIR)/DiningPhilosophersProblem.app/DiningPhilosophersProblem";
			};
			name = Debug;
		};
		32725B661D9A761C006D7BC9 /* Release */ = {
			isa = XCBuildConfiguration;
			buildSettings = {
				BUNDLE_LOADER = "$(TEST_HOST)";
				INFOPLIST_FILE = DiningPhilosophersProblemTests/Info.plist;
				LD_RUNPATH_SEARCH_PATHS = "$(inherited) @executable_path/Frameworks @loader_path/Frameworks";
				PRODUCT_BUNDLE_IDENTIFIER = "ru.w-not.DiningPhilosophersProblemTests";
				PRODUCT_NAME = "$(TARGET_NAME)";
				TEST_HOST = "$(BUILT_PRODUCTS_DIR)/DiningPhilosophersProblem.app/DiningPhilosophersProblem";
			};
			name = Release;
		};
/* End XCBuildConfiguration section */

/* Begin XCConfigurationList section */
		32725B3F1D9A761B006D7BC9 /* Build configuration list for PBXProject "DiningPhilosophersProblem" */ = {
			isa = XCConfigurationList;
			buildConfigurations = (
				32725B5F1D9A761C006D7BC9 /* Debug */,
				32725B601D9A761C006D7BC9 /* Release */,
			);
			defaultConfigurationIsVisible = 0;
			defaultConfigurationName = Release;
		};
		32725B611D9A761C006D7BC9 /* Build configuration list for PBXNativeTarget "DiningPhilosophersProblem" */ = {
			isa = XCConfigurationList;
			buildConfigurations = (
				32725B621D9A761C006D7BC9 /* Debug */,
				32725B631D9A761C006D7BC9 /* Release */,
			);
			defaultConfigurationIsVisible = 0;
			defaultConfigurationName = Release;
		};
		32725B641D9A761C006D7BC9 /* Build configuration list for PBXNativeTarget "DiningPhilosophersProblemTests" */ = {
			isa = XCConfigurationList;
			buildConfigurations = (
				32725B651D9A761C006D7BC9 /* Debug */,
				32725B661D9A761C006D7BC9 /* Release */,
			);
			defaultConfigurationIsVisible = 0;
			defaultConfigurationName = Release;
		};
/* End XCConfigurationList section */
	};
	rootObject = 32725B3C1D9A761B006D7BC9 /* Project object */;
}
